<?xml version="1.0" encoding="utf-8"?>
<Project ToolsVersion="4.0" xmlns="http://schemas.microsoft.com/developer/msbuild/2003">
  <ItemGroup>
    <Filter Include="sources">
      <UniqueIdentifier>{21e6e341-0e9a-47ce-92f5-e3b2b5a4e931}</UniqueIdentifier>
    </Filter>
  </ItemGroup>
  <ItemGroup>
    <ClCompile Include="..\sources\main.cpp">
      <Filter>sources</Filter>
    </ClCompile>
    <ClCompile Include="..\sources\Utils.cpp">
      <Filter>sources</Filter>
    </ClCompile>
    <ClCompile Include="..\sources\Solver.cpp">
      <Filter>sources</Filter>
    </ClCompile>
    <ClCompile Include="..\sources\Reader.cpp">
      <Filter>sources</Filter>
    </ClCompile>
    <ClCompile Include="..\sources\Writer.cpp">
      <Filter>sources</Filter>
    </ClCompile>
    <ClCompile Include="..\sources\Result.cpp">
      <Filter>sources</Filter>
    </ClCompile>
    <ClCompile Include="..\sources\Score.cpp">
      <Filter>sources</Filter>
    </ClCompile>
  </ItemGroup>
  <ItemGroup>
    <ClInclude Include="..\sources\Utils.h">
      <Filter>sources</Filter>
    </ClInclude>
    <ClInclude Include="..\sources\StdAfx.h">
      <Filter>sources</Filter>
    </ClInclude>
    <ClInclude Include="..\sources\Solver.h">
      <Filter>sources</Filter>
    </ClInclude>
    <ClInclude Include="..\sources\Reader.h">
      <Filter>sources</Filter>
    </ClInclude>
    <ClInclude Include="..\sources\Result.h">
      <Filter>sources</Filter>
    </ClInclude>
    <ClInclude Include="..\sources\Writer.h">
      <Filter>sources</Filter>
    </ClInclude>
    <ClInclude Include="..\sources\Init.h">
      <Filter>sources</Filter>
    </ClInclude>
    <ClInclude Include="..\sources\State.h">
      <Filter>sources</Filter>
    </ClInclude>
    <ClInclude Include="..\sources\Score.h">
      <Filter>sources</Filter>
    </ClInclude>
  </ItemGroup>
</Project>